
Microsoft Visual Studio Solution File, Format Version 12.00
# Visual Studio Version 17
VisualStudioVersion = 17.11.35222.181
MinimumVisualStudioVersion = 10.0.40219.1
Project("{FAE04EC0-301F-11D3-BF4B-00C04F79EFBC}") = "SimpleApp", "SimpleApp\SimpleApp.csproj", "{7D4E6232-B437-46AD-876E-2CAC276FBE11}"
EndProject
Project("{FAE04EC0-301F-11D3-BF4B-00C04F79EFBC}") = "SimpleApp.Test", "SimpleApp.Test\SimpleApp.Test.csproj", "{E4A50F63-4290-4307-8C21-B17A60AFD1F9}"
EndProject
Global
	GlobalSection(SolutionConfigurationPlatforms) = preSolution
		Debug|Any CPU = Debug|Any CPU
		Release|Any CPU = Release|Any CPU
	EndGlobalSection
	GlobalSection(ProjectConfigurationPlatforms) = postSolution
		{7D4E6232-B437-46AD-876E-2CAC276FBE11}.Debug|Any CPU.ActiveCfg = Debug|Any CPU
		{7D4E6232-B437-46AD-876E-2CAC276FBE11}.Debug|Any CPU.Build.0 = Debug|Any CPU
		{7D4E6232-B437-46AD-876E-2CAC276FBE11}.Release|Any CPU.ActiveCfg = Release|Any CPU
		{7D4E6232-B437-46AD-876E-2CAC276FBE11}.Release|Any CPU.Build.0 = Release|Any CPU
		{E4A50F63-4290-4307-8C21-B17A60AFD1F9}.Debug|Any CPU.ActiveCfg = Debug|Any CPU
		{E4A50F63-4290-4307-8C21-B17A60AFD1F9}.Debug|Any CPU.Build.0 = Debug|Any CPU
		{E4A50F63-4290-4307-8C21-B17A60AFD1F9}.Release|Any CPU.ActiveCfg = Release|Any CPU
		{E4A50F63-4290-4307-8C21-B17A60AFD1F9}.Release|Any CPU.Build.0 = Release|Any CPU
	EndGlobalSection
	GlobalSection(SolutionProperties) = preSolution
		HideSolutionNode = FALSE
	EndGlobalSection
	GlobalSection(ExtensibilityGlobals) = postSolution
		SolutionGuid = {06F21285-B932-4A8C-A3C2-FD47EA4FE49B}
	EndGlobalSection
EndGlobal
